// !$*UTF8*$!
{
	archiveVersion = 1;
	classes = {
	};
	objectVersion = 52;
	objects = {

/* Begin PBXBuildFile section */
		6044433026678CCC001DA3AB /* URLParameterEncoding.swift in Sources */ = {isa = PBXBuildFile; fileRef = 6044432F26678CCC001DA3AB /* URLParameterEncoding.swift */; };
		6044433826678CF0001DA3AB /* JSONParameterEncoding.swift in Sources */ = {isa = PBXBuildFile; fileRef = 6044433726678CF0001DA3AB /* JSONParameterEncoding.swift */; };
		6044433D26678D08001DA3AB /* ParameterEncoding.swift in Sources */ = {isa = PBXBuildFile; fileRef = 6044433C26678D08001DA3AB /* ParameterEncoding.swift */; };
		6044434626678D7D001DA3AB /* EndPointType.swift in Sources */ = {isa = PBXBuildFile; fileRef = 6044434526678D7D001DA3AB /* EndPointType.swift */; };
		6044434E26678D90001DA3AB /* HTTPMethod.swift in Sources */ = {isa = PBXBuildFile; fileRef = 6044434D26678D90001DA3AB /* HTTPMethod.swift */; };
		6044435326678DAD001DA3AB /* HttpTask.swift in Sources */ = {isa = PBXBuildFile; fileRef = 6044435226678DAD001DA3AB /* HttpTask.swift */; };
		6044435826678DD5001DA3AB /* NetworkRouterProtocol.swift in Sources */ = {isa = PBXBuildFile; fileRef = 6044435726678DD5001DA3AB /* NetworkRouterProtocol.swift */; };
		6044435D26678E0C001DA3AB /* Router.swift in Sources */ = {isa = PBXBuildFile; fileRef = 6044435C26678E0C001DA3AB /* Router.swift */; };
		6044436326679073001DA3AB /* URLSessionProtocol.swift in Sources */ = {isa = PBXBuildFile; fileRef = 6044436226679073001DA3AB /* URLSessionProtocol.swift */; };
		6044436C266790C8001DA3AB /* Environment.swift in Sources */ = {isa = PBXBuildFile; fileRef = 6044436B266790C8001DA3AB /* Environment.swift */; };
		60444374266790FF001DA3AB /* CatEndPoint.swift in Sources */ = {isa = PBXBuildFile; fileRef = 60444373266790FF001DA3AB /* CatEndPoint.swift */; };
		6044437A2667916D001DA3AB /* NetworkManager.swift in Sources */ = {isa = PBXBuildFile; fileRef = 604443792667916D001DA3AB /* NetworkManager.swift */; };
		604443822667918D001DA3AB /* NetworkError.swift in Sources */ = {isa = PBXBuildFile; fileRef = 604443812667918D001DA3AB /* NetworkError.swift */; };
		6044438C2667A6A8001DA3AB /* CatResponse.swift in Sources */ = {isa = PBXBuildFile; fileRef = 6044438B2667A6A8001DA3AB /* CatResponse.swift */; };
		604443952667A72C001DA3AB /* HomeViewController.swift in Sources */ = {isa = PBXBuildFile; fileRef = 604443932667A72C001DA3AB /* HomeViewController.swift */; };
		604443962667A72C001DA3AB /* HomeViewController.xib in Resources */ = {isa = PBXBuildFile; fileRef = 604443942667A72C001DA3AB /* HomeViewController.xib */; };
		604443AF2667B074001DA3AB /* State.swift in Sources */ = {isa = PBXBuildFile; fileRef = 604443AE2667B074001DA3AB /* State.swift */; };
		604443B52667B0F9001DA3AB /* HomeViewModel.swift in Sources */ = {isa = PBXBuildFile; fileRef = 604443B42667B0F9001DA3AB /* HomeViewModel.swift */; };
		604443C42667BAD1001DA3AB /* HomeCollectionViewCell.swift in Sources */ = {isa = PBXBuildFile; fileRef = 604443C22667BAD1001DA3AB /* HomeCollectionViewCell.swift */; };
		604443C52667BAD1001DA3AB /* HomeCollectionViewCell.xib in Resources */ = {isa = PBXBuildFile; fileRef = 604443C32667BAD1001DA3AB /* HomeCollectionViewCell.xib */; };
		604443EF2667C061001DA3AB /* UIImage+LoadImage.swift in Sources */ = {isa = PBXBuildFile; fileRef = 604443EE2667C061001DA3AB /* UIImage+LoadImage.swift */; };
		604443F82667C0E8001DA3AB /* Kingfisher in Frameworks */ = {isa = PBXBuildFile; productRef = 604443F72667C0E8001DA3AB /* Kingfisher */; };
		604443FD2667C1AF001DA3AB /* UIImage+CatApp.swift in Sources */ = {isa = PBXBuildFile; fileRef = 604443FC2667C1AF001DA3AB /* UIImage+CatApp.swift */; };
		604444042667CB24001DA3AB /* UICollectionView+Helpers.swift in Sources */ = {isa = PBXBuildFile; fileRef = 604444012667CB24001DA3AB /* UICollectionView+Helpers.swift */; };
		604444212667E47A001DA3AB /* CatCellViewModel.swift in Sources */ = {isa = PBXBuildFile; fileRef = 604444202667E47A001DA3AB /* CatCellViewModel.swift */; };
		6044442F2667F1D0001DA3AB /* UIViewController+Alerts.swift in Sources */ = {isa = PBXBuildFile; fileRef = 6044442E2667F1D0001DA3AB /* UIViewController+Alerts.swift */; };
		6044443A2667F388001DA3AB /* NSObject+Helpers.swift in Sources */ = {isa = PBXBuildFile; fileRef = 604444392667F388001DA3AB /* NSObject+Helpers.swift */; };
		604444422667F3B7001DA3AB /* UIView+Helpers.swift in Sources */ = {isa = PBXBuildFile; fileRef = 604444412667F3B7001DA3AB /* UIView+Helpers.swift */; };
		604444472668082D001DA3AB /* PagingController.swift in Sources */ = {isa = PBXBuildFile; fileRef = 604444462668082D001DA3AB /* PagingController.swift */; };
		6044444D266810F2001DA3AB /* EndPointTypeMock.swift in Sources */ = {isa = PBXBuildFile; fileRef = 6044444C266810F2001DA3AB /* EndPointTypeMock.swift */; };
		6044445526681126001DA3AB /* FailureMock.swift in Sources */ = {isa = PBXBuildFile; fileRef = 6044445426681126001DA3AB /* FailureMock.swift */; };
		6044445A2668116A001DA3AB /* NetworkLayerTests.swift in Sources */ = {isa = PBXBuildFile; fileRef = 6044445926681169001DA3AB /* NetworkLayerTests.swift */; };
		6044445F2668125E001DA3AB /* Constants.swift in Sources */ = {isa = PBXBuildFile; fileRef = 6044445E2668125E001DA3AB /* Constants.swift */; };
		60F3C59E266785B100FE78B2 /* AppDelegate.swift in Sources */ = {isa = PBXBuildFile; fileRef = 60F3C59D266785B100FE78B2 /* AppDelegate.swift */; };
		60F3C5A0266785B100FE78B2 /* SceneDelegate.swift in Sources */ = {isa = PBXBuildFile; fileRef = 60F3C59F266785B100FE78B2 /* SceneDelegate.swift */; };
		60F3C5A8266785B100FE78B2 /* CatsPicturesApp.xcdatamodeld in Sources */ = {isa = PBXBuildFile; fileRef = 60F3C5A6266785B100FE78B2 /* CatsPicturesApp.xcdatamodeld */; };
		60F3C5AA266785B200FE78B2 /* Assets.xcassets in Resources */ = {isa = PBXBuildFile; fileRef = 60F3C5A9266785B200FE78B2 /* Assets.xcassets */; };
		60F3C5AD266785B200FE78B2 /* LaunchScreen.storyboard in Resources */ = {isa = PBXBuildFile; fileRef = 60F3C5AB266785B200FE78B2 /* LaunchScreen.storyboard */; };
		60F3C5B8266785B200FE78B2 /* CatsPicturesAppTests.swift in Sources */ = {isa = PBXBuildFile; fileRef = 60F3C5B7266785B200FE78B2 /* CatsPicturesAppTests.swift */; };
		60F3C5C3266785B200FE78B2 /* CatsPicturesAppUITests.swift in Sources */ = {isa = PBXBuildFile; fileRef = 60F3C5C2266785B200FE78B2 /* CatsPicturesAppUITests.swift */; };
/* End PBXBuildFile section */

/* Begin PBXContainerItemProxy section */
		60F3C5B4266785B200FE78B2 /* PBXContainerItemProxy */ = {
			isa = PBXContainerItemProxy;
			containerPortal = 60F3C592266785B100FE78B2 /* Project object */;
			proxyType = 1;
			remoteGlobalIDString = 60F3C599266785B100FE78B2;
			remoteInfo = CatsPicturesApp;
		};
		60F3C5BF266785B200FE78B2 /* PBXContainerItemProxy */ = {
			isa = PBXContainerItemProxy;
			containerPortal = 60F3C592266785B100FE78B2 /* Project object */;
			proxyType = 1;
			remoteGlobalIDString = 60F3C599266785B100FE78B2;
			remoteInfo = CatsPicturesApp;
		};
/* End PBXContainerItemProxy section */

/* Begin PBXFileReference section */
		6044432F26678CCC001DA3AB /* URLParameterEncoding.swift */ = {isa = PBXFileReference; lastKnownFileType = sourcecode.swift; path = URLParameterEncoding.swift; sourceTree = "<group>"; };
		6044433726678CF0001DA3AB /* JSONParameterEncoding.swift */ = {isa = PBXFileReference; lastKnownFileType = sourcecode.swift; path = JSONParameterEncoding.swift; sourceTree = "<group>"; };
		6044433C26678D08001DA3AB /* ParameterEncoding.swift */ = {isa = PBXFileReference; lastKnownFileType = sourcecode.swift; path = ParameterEncoding.swift; sourceTree = "<group>"; };
		6044434526678D7D001DA3AB /* EndPointType.swift */ = {isa = PBXFileReference; lastKnownFileType = sourcecode.swift; path = EndPointType.swift; sourceTree = "<group>"; };
		6044434D26678D90001DA3AB /* HTTPMethod.swift */ = {isa = PBXFileReference; lastKnownFileType = sourcecode.swift; path = HTTPMethod.swift; sourceTree = "<group>"; };
		6044435226678DAD001DA3AB /* HttpTask.swift */ = {isa = PBXFileReference; lastKnownFileType = sourcecode.swift; path = HttpTask.swift; sourceTree = "<group>"; };
		6044435726678DD5001DA3AB /* NetworkRouterProtocol.swift */ = {isa = PBXFileReference; lastKnownFileType = sourcecode.swift; path = NetworkRouterProtocol.swift; sourceTree = "<group>"; };
		6044435C26678E0C001DA3AB /* Router.swift */ = {isa = PBXFileReference; lastKnownFileType = sourcecode.swift; path = Router.swift; sourceTree = "<group>"; };
		6044436226679073001DA3AB /* URLSessionProtocol.swift */ = {isa = PBXFileReference; lastKnownFileType = sourcecode.swift; path = URLSessionProtocol.swift; sourceTree = "<group>"; };
		6044436B266790C8001DA3AB /* Environment.swift */ = {isa = PBXFileReference; lastKnownFileType = sourcecode.swift; path = Environment.swift; sourceTree = "<group>"; };
		60444373266790FF001DA3AB /* CatEndPoint.swift */ = {isa = PBXFileReference; lastKnownFileType = sourcecode.swift; path = CatEndPoint.swift; sourceTree = "<group>"; };
		604443792667916D001DA3AB /* NetworkManager.swift */ = {isa = PBXFileReference; lastKnownFileType = sourcecode.swift; path = NetworkManager.swift; sourceTree = "<group>"; };
		604443812667918D001DA3AB /* NetworkError.swift */ = {isa = PBXFileReference; lastKnownFileType = sourcecode.swift; path = NetworkError.swift; sourceTree = "<group>"; };
		6044438B2667A6A8001DA3AB /* CatResponse.swift */ = {isa = PBXFileReference; lastKnownFileType = sourcecode.swift; path = CatResponse.swift; sourceTree = "<group>"; };
		604443932667A72C001DA3AB /* HomeViewController.swift */ = {isa = PBXFileReference; lastKnownFileType = sourcecode.swift; path = HomeViewController.swift; sourceTree = "<group>"; };
		604443942667A72C001DA3AB /* HomeViewController.xib */ = {isa = PBXFileReference; lastKnownFileType = file.xib; path = HomeViewController.xib; sourceTree = "<group>"; };
		604443AE2667B074001DA3AB /* State.swift */ = {isa = PBXFileReference; lastKnownFileType = sourcecode.swift; path = State.swift; sourceTree = "<group>"; };
		604443B42667B0F9001DA3AB /* HomeViewModel.swift */ = {isa = PBXFileReference; lastKnownFileType = sourcecode.swift; path = HomeViewModel.swift; sourceTree = "<group>"; };
		604443C22667BAD1001DA3AB /* HomeCollectionViewCell.swift */ = {isa = PBXFileReference; lastKnownFileType = sourcecode.swift; path = HomeCollectionViewCell.swift; sourceTree = "<group>"; };
		604443C32667BAD1001DA3AB /* HomeCollectionViewCell.xib */ = {isa = PBXFileReference; lastKnownFileType = file.xib; path = HomeCollectionViewCell.xib; sourceTree = "<group>"; };
		604443EE2667C061001DA3AB /* UIImage+LoadImage.swift */ = {isa = PBXFileReference; lastKnownFileType = sourcecode.swift; path = "UIImage+LoadImage.swift"; sourceTree = "<group>"; };
		604443FC2667C1AF001DA3AB /* UIImage+CatApp.swift */ = {isa = PBXFileReference; lastKnownFileType = sourcecode.swift; path = "UIImage+CatApp.swift"; sourceTree = "<group>"; };
		604444012667CB24001DA3AB /* UICollectionView+Helpers.swift */ = {isa = PBXFileReference; fileEncoding = 4; lastKnownFileType = sourcecode.swift; path = "UICollectionView+Helpers.swift"; sourceTree = "<group>"; };
		604444202667E47A001DA3AB /* CatCellViewModel.swift */ = {isa = PBXFileReference; lastKnownFileType = sourcecode.swift; path = CatCellViewModel.swift; sourceTree = "<group>"; };
		6044442E2667F1D0001DA3AB /* UIViewController+Alerts.swift */ = {isa = PBXFileReference; lastKnownFileType = sourcecode.swift; path = "UIViewController+Alerts.swift"; sourceTree = "<group>"; };
		604444392667F388001DA3AB /* NSObject+Helpers.swift */ = {isa = PBXFileReference; lastKnownFileType = sourcecode.swift; path = "NSObject+Helpers.swift"; sourceTree = "<group>"; };
		604444412667F3B7001DA3AB /* UIView+Helpers.swift */ = {isa = PBXFileReference; lastKnownFileType = sourcecode.swift; path = "UIView+Helpers.swift"; sourceTree = "<group>"; };
		604444462668082D001DA3AB /* PagingController.swift */ = {isa = PBXFileReference; lastKnownFileType = sourcecode.swift; path = PagingController.swift; sourceTree = "<group>"; };
		6044444C266810F2001DA3AB /* EndPointTypeMock.swift */ = {isa = PBXFileReference; lastKnownFileType = sourcecode.swift; path = EndPointTypeMock.swift; sourceTree = "<group>"; };
		6044445426681126001DA3AB /* FailureMock.swift */ = {isa = PBXFileReference; lastKnownFileType = sourcecode.swift; path = FailureMock.swift; sourceTree = "<group>"; };
		6044445926681169001DA3AB /* NetworkLayerTests.swift */ = {isa = PBXFileReference; lastKnownFileType = sourcecode.swift; path = NetworkLayerTests.swift; sourceTree = "<group>"; };
		6044445E2668125E001DA3AB /* Constants.swift */ = {isa = PBXFileReference; lastKnownFileType = sourcecode.swift; path = Constants.swift; sourceTree = "<group>"; };
		60F3C59A266785B100FE78B2 /* CatsPicturesApp.app */ = {isa = PBXFileReference; explicitFileType = wrapper.application; includeInIndex = 0; path = CatsPicturesApp.app; sourceTree = BUILT_PRODUCTS_DIR; };
		60F3C59D266785B100FE78B2 /* AppDelegate.swift */ = {isa = PBXFileReference; lastKnownFileType = sourcecode.swift; path = AppDelegate.swift; sourceTree = "<group>"; };
		60F3C59F266785B100FE78B2 /* SceneDelegate.swift */ = {isa = PBXFileReference; lastKnownFileType = sourcecode.swift; path = SceneDelegate.swift; sourceTree = "<group>"; };
		60F3C5A7266785B100FE78B2 /* CatsPicturesApp.xcdatamodel */ = {isa = PBXFileReference; lastKnownFileType = wrapper.xcdatamodel; path = CatsPicturesApp.xcdatamodel; sourceTree = "<group>"; };
		60F3C5A9266785B200FE78B2 /* Assets.xcassets */ = {isa = PBXFileReference; lastKnownFileType = folder.assetcatalog; path = Assets.xcassets; sourceTree = "<group>"; };
		60F3C5AC266785B200FE78B2 /* Base */ = {isa = PBXFileReference; lastKnownFileType = file.storyboard; name = Base; path = Base.lproj/LaunchScreen.storyboard; sourceTree = "<group>"; };
		60F3C5AE266785B200FE78B2 /* Info.plist */ = {isa = PBXFileReference; lastKnownFileType = text.plist.xml; path = Info.plist; sourceTree = "<group>"; };
		60F3C5B3266785B200FE78B2 /* CatsPicturesAppTests.xctest */ = {isa = PBXFileReference; explicitFileType = wrapper.cfbundle; includeInIndex = 0; path = CatsPicturesAppTests.xctest; sourceTree = BUILT_PRODUCTS_DIR; };
		60F3C5B7266785B200FE78B2 /* CatsPicturesAppTests.swift */ = {isa = PBXFileReference; lastKnownFileType = sourcecode.swift; path = CatsPicturesAppTests.swift; sourceTree = "<group>"; };
		60F3C5B9266785B200FE78B2 /* Info.plist */ = {isa = PBXFileReference; lastKnownFileType = text.plist.xml; path = Info.plist; sourceTree = "<group>"; };
		60F3C5BE266785B200FE78B2 /* CatsPicturesAppUITests.xctest */ = {isa = PBXFileReference; explicitFileType = wrapper.cfbundle; includeInIndex = 0; path = CatsPicturesAppUITests.xctest; sourceTree = BUILT_PRODUCTS_DIR; };
		60F3C5C2266785B200FE78B2 /* CatsPicturesAppUITests.swift */ = {isa = PBXFileReference; lastKnownFileType = sourcecode.swift; path = CatsPicturesAppUITests.swift; sourceTree = "<group>"; };
		60F3C5C4266785B200FE78B2 /* Info.plist */ = {isa = PBXFileReference; lastKnownFileType = text.plist.xml; path = Info.plist; sourceTree = "<group>"; };
/* End PBXFileReference section */

/* Begin PBXFrameworksBuildPhase section */
		60F3C597266785B100FE78B2 /* Frameworks */ = {
			isa = PBXFrameworksBuildPhase;
			buildActionMask = 2147483647;
			files = (
				604443F82667C0E8001DA3AB /* Kingfisher in Frameworks */,
			);
			runOnlyForDeploymentPostprocessing = 0;
		};
		60F3C5B0266785B200FE78B2 /* Frameworks */ = {
			isa = PBXFrameworksBuildPhase;
			buildActionMask = 2147483647;
			files = (
			);
			runOnlyForDeploymentPostprocessing = 0;
		};
		60F3C5BB266785B200FE78B2 /* Frameworks */ = {
			isa = PBXFrameworksBuildPhase;
			buildActionMask = 2147483647;
			files = (
			);
			runOnlyForDeploymentPostprocessing = 0;
		};
/* End PBXFrameworksBuildPhase section */

/* Begin PBXGroup section */
		6044432A26678A17001DA3AB /* Presentation */ = {
			isa = PBXGroup;
			children = (
				604443DC2667BFF0001DA3AB /* Helpers */,
				6044439A2667A810001DA3AB /* HomeViewController */,
			);
			path = Presentation;
			sourceTree = "<group>";
		};
		6044432B26678A2F001DA3AB /* Domain */ = {
			isa = PBXGroup;
			children = (
				6044438A2667A5DA001DA3AB /* Entities */,
			);
			path = Domain;
			sourceTree = "<group>";
		};
		6044432C26678A3B001DA3AB /* Networking */ = {
			isa = PBXGroup;
			children = (
				6044436A266790B3001DA3AB /* EndPoint */,
				6044436126678E1D001DA3AB /* Protocol */,
				604443782667914D001DA3AB /* Manager */,
				6044434426678D5D001DA3AB /* Service */,
				6044432E26678CB2001DA3AB /* Encoding */,
			);
			path = Networking;
			sourceTree = "<group>";
		};
		6044432D26678A47001DA3AB /* Storage */ = {
			isa = PBXGroup;
			children = (
			);
			path = Storage;
			sourceTree = "<group>";
		};
		6044432E26678CB2001DA3AB /* Encoding */ = {
			isa = PBXGroup;
			children = (
				6044433C26678D08001DA3AB /* ParameterEncoding.swift */,
				6044433726678CF0001DA3AB /* JSONParameterEncoding.swift */,
				6044432F26678CCC001DA3AB /* URLParameterEncoding.swift */,
			);
			path = Encoding;
			sourceTree = "<group>";
		};
		6044434426678D5D001DA3AB /* Service */ = {
			isa = PBXGroup;
			children = (
				6044434526678D7D001DA3AB /* EndPointType.swift */,
				6044434D26678D90001DA3AB /* HTTPMethod.swift */,
				6044435226678DAD001DA3AB /* HttpTask.swift */,
				6044435726678DD5001DA3AB /* NetworkRouterProtocol.swift */,
				6044435C26678E0C001DA3AB /* Router.swift */,
			);
			path = Service;
			sourceTree = "<group>";
		};
		6044436126678E1D001DA3AB /* Protocol */ = {
			isa = PBXGroup;
			children = (
				6044436226679073001DA3AB /* URLSessionProtocol.swift */,
			);
			path = Protocol;
			sourceTree = "<group>";
		};
		6044436A266790B3001DA3AB /* EndPoint */ = {
			isa = PBXGroup;
			children = (
				60444373266790FF001DA3AB /* CatEndPoint.swift */,
				6044436B266790C8001DA3AB /* Environment.swift */,
			);
			path = EndPoint;
			sourceTree = "<group>";
		};
		604443782667914D001DA3AB /* Manager */ = {
			isa = PBXGroup;
			children = (
				604443792667916D001DA3AB /* NetworkManager.swift */,
				604443812667918D001DA3AB /* NetworkError.swift */,
			);
			path = Manager;
			sourceTree = "<group>";
		};
		6044438A2667A5DA001DA3AB /* Entities */ = {
			isa = PBXGroup;
			children = (
				6044438B2667A6A8001DA3AB /* CatResponse.swift */,
			);
			path = Entities;
			sourceTree = "<group>";
		};
		6044439A2667A810001DA3AB /* HomeViewController */ = {
			isa = PBXGroup;
			children = (
				604443B92667B0FD001DA3AB /* View */,
				604443B32667B0E1001DA3AB /* ViewModel */,
			);
			path = HomeViewController;
			sourceTree = "<group>";
		};
		604443B32667B0E1001DA3AB /* ViewModel */ = {
			isa = PBXGroup;
			children = (
				604443B42667B0F9001DA3AB /* HomeViewModel.swift */,
				604444202667E47A001DA3AB /* CatCellViewModel.swift */,
			);
			path = ViewModel;
			sourceTree = "<group>";
		};
		604443B92667B0FD001DA3AB /* View */ = {
			isa = PBXGroup;
			children = (
				604443C12667BA9B001DA3AB /* HomeCollectionViewCell */,
				604443932667A72C001DA3AB /* HomeViewController.swift */,
				604443942667A72C001DA3AB /* HomeViewController.xib */,
			);
			path = View;
			sourceTree = "<group>";
		};
		604443C12667BA9B001DA3AB /* HomeCollectionViewCell */ = {
			isa = PBXGroup;
			children = (
				604443C22667BAD1001DA3AB /* HomeCollectionViewCell.swift */,
				604443C32667BAD1001DA3AB /* HomeCollectionViewCell.xib */,
			);
			path = HomeCollectionViewCell;
			sourceTree = "<group>";
		};
		604443DC2667BFF0001DA3AB /* Helpers */ = {
			isa = PBXGroup;
			children = (
				604443AE2667B074001DA3AB /* State.swift */,
				604444462668082D001DA3AB /* PagingController.swift */,
			);
			path = Helpers;
			sourceTree = "<group>";
		};
		604443ED2667C043001DA3AB /* Extensions */ = {
			isa = PBXGroup;
			children = (
				604444012667CB24001DA3AB /* UICollectionView+Helpers.swift */,
				604443EE2667C061001DA3AB /* UIImage+LoadImage.swift */,
				604443FC2667C1AF001DA3AB /* UIImage+CatApp.swift */,
				6044442E2667F1D0001DA3AB /* UIViewController+Alerts.swift */,
				604444392667F388001DA3AB /* NSObject+Helpers.swift */,
				604444412667F3B7001DA3AB /* UIView+Helpers.swift */,
			);
			path = Extensions;
			sourceTree = "<group>";
		};
		6044444B266810E0001DA3AB /* NetworkLayerTests */ = {
			isa = PBXGroup;
			children = (
				6044444C266810F2001DA3AB /* EndPointTypeMock.swift */,
				6044445426681126001DA3AB /* FailureMock.swift */,
				6044445926681169001DA3AB /* NetworkLayerTests.swift */,
			);
			path = NetworkLayerTests;
			sourceTree = "<group>";
		};
		60F3C591266785B100FE78B2 = {
			isa = PBXGroup;
			children = (
				60F3C59C266785B100FE78B2 /* CatsPicturesApp */,
				60F3C5B6266785B200FE78B2 /* CatsPicturesAppTests */,
				60F3C5C1266785B200FE78B2 /* CatsPicturesAppUITests */,
				60F3C59B266785B100FE78B2 /* Products */,
			);
			sourceTree = "<group>";
		};
		60F3C59B266785B100FE78B2 /* Products */ = {
			isa = PBXGroup;
			children = (
				60F3C59A266785B100FE78B2 /* CatsPicturesApp.app */,
				60F3C5B3266785B200FE78B2 /* CatsPicturesAppTests.xctest */,
				60F3C5BE266785B200FE78B2 /* CatsPicturesAppUITests.xctest */,
			);
			name = Products;
			sourceTree = "<group>";
		};
		60F3C59C266785B100FE78B2 /* CatsPicturesApp */ = {
			isa = PBXGroup;
			children = (
				60F3C5D72667894400FE78B2 /* Application */,
				60F3C5D82667896300FE78B2 /* Resources */,
				604443ED2667C043001DA3AB /* Extensions */,
				6044432A26678A17001DA3AB /* Presentation */,
				6044432B26678A2F001DA3AB /* Domain */,
				6044432C26678A3B001DA3AB /* Networking */,
				6044432D26678A47001DA3AB /* Storage */,
				60F3C5A6266785B100FE78B2 /* CatsPicturesApp.xcdatamodeld */,
			);
			path = CatsPicturesApp;
			sourceTree = "<group>";
		};
		60F3C5B6266785B200FE78B2 /* CatsPicturesAppTests */ = {
			isa = PBXGroup;
			children = (
				6044444B266810E0001DA3AB /* NetworkLayerTests */,
				60F3C5B7266785B200FE78B2 /* CatsPicturesAppTests.swift */,
				60F3C5B9266785B200FE78B2 /* Info.plist */,
				6044445E2668125E001DA3AB /* Constants.swift */,
			);
			path = CatsPicturesAppTests;
			sourceTree = "<group>";
		};
		60F3C5C1266785B200FE78B2 /* CatsPicturesAppUITests */ = {
			isa = PBXGroup;
			children = (
				60F3C5C2266785B200FE78B2 /* CatsPicturesAppUITests.swift */,
				60F3C5C4266785B200FE78B2 /* Info.plist */,
			);
			path = CatsPicturesAppUITests;
			sourceTree = "<group>";
		};
		60F3C5D72667894400FE78B2 /* Application */ = {
			isa = PBXGroup;
			children = (
				60F3C59D266785B100FE78B2 /* AppDelegate.swift */,
				60F3C59F266785B100FE78B2 /* SceneDelegate.swift */,
			);
			path = Application;
			sourceTree = "<group>";
		};
		60F3C5D82667896300FE78B2 /* Resources */ = {
			isa = PBXGroup;
			children = (
				60F3C5A9266785B200FE78B2 /* Assets.xcassets */,
				60F3C5AB266785B200FE78B2 /* LaunchScreen.storyboard */,
				60F3C5AE266785B200FE78B2 /* Info.plist */,
			);
			path = Resources;
			sourceTree = "<group>";
		};
/* End PBXGroup section */

/* Begin PBXNativeTarget section */
		60F3C599266785B100FE78B2 /* CatsPicturesApp */ = {
			isa = PBXNativeTarget;
			buildConfigurationList = 60F3C5C7266785B200FE78B2 /* Build configuration list for PBXNativeTarget "CatsPicturesApp" */;
			buildPhases = (
				60F3C596266785B100FE78B2 /* Sources */,
				60F3C5D32667865D00FE78B2 /* Swift Lint */,
				60F3C597266785B100FE78B2 /* Frameworks */,
				60F3C598266785B100FE78B2 /* Resources */,
			);
			buildRules = (
			);
			dependencies = (
			);
			name = CatsPicturesApp;
			packageProductDependencies = (
				604443F72667C0E8001DA3AB /* Kingfisher */,
			);
			productName = CatsPicturesApp;
			productReference = 60F3C59A266785B100FE78B2 /* CatsPicturesApp.app */;
			productType = "com.apple.product-type.application";
		};
		60F3C5B2266785B200FE78B2 /* CatsPicturesAppTests */ = {
			isa = PBXNativeTarget;
			buildConfigurationList = 60F3C5CA266785B200FE78B2 /* Build configuration list for PBXNativeTarget "CatsPicturesAppTests" */;
			buildPhases = (
				60F3C5AF266785B200FE78B2 /* Sources */,
				60F3C5B0266785B200FE78B2 /* Frameworks */,
				60F3C5B1266785B200FE78B2 /* Resources */,
			);
			buildRules = (
			);
			dependencies = (
				60F3C5B5266785B200FE78B2 /* PBXTargetDependency */,
			);
			name = CatsPicturesAppTests;
			productName = CatsPicturesAppTests;
			productReference = 60F3C5B3266785B200FE78B2 /* CatsPicturesAppTests.xctest */;
			productType = "com.apple.product-type.bundle.unit-test";
		};
		60F3C5BD266785B200FE78B2 /* CatsPicturesAppUITests */ = {
			isa = PBXNativeTarget;
			buildConfigurationList = 60F3C5CD266785B200FE78B2 /* Build configuration list for PBXNativeTarget "CatsPicturesAppUITests" */;
			buildPhases = (
				60F3C5BA266785B200FE78B2 /* Sources */,
				60F3C5BB266785B200FE78B2 /* Frameworks */,
				60F3C5BC266785B200FE78B2 /* Resources */,
			);
			buildRules = (
			);
			dependencies = (
				60F3C5C0266785B200FE78B2 /* PBXTargetDependency */,
			);
			name = CatsPicturesAppUITests;
			productName = CatsPicturesAppUITests;
			productReference = 60F3C5BE266785B200FE78B2 /* CatsPicturesAppUITests.xctest */;
			productType = "com.apple.product-type.bundle.ui-testing";
		};
/* End PBXNativeTarget section */

/* Begin PBXProject section */
		60F3C592266785B100FE78B2 /* Project object */ = {
			isa = PBXProject;
			attributes = {
				LastSwiftUpdateCheck = 1230;
				LastUpgradeCheck = 1230;
				TargetAttributes = {
					60F3C599266785B100FE78B2 = {
						CreatedOnToolsVersion = 12.3;
					};
					60F3C5B2266785B200FE78B2 = {
						CreatedOnToolsVersion = 12.3;
						TestTargetID = 60F3C599266785B100FE78B2;
					};
					60F3C5BD266785B200FE78B2 = {
						CreatedOnToolsVersion = 12.3;
						TestTargetID = 60F3C599266785B100FE78B2;
					};
				};
			};
			buildConfigurationList = 60F3C595266785B100FE78B2 /* Build configuration list for PBXProject "CatsPicturesApp" */;
			compatibilityVersion = "Xcode 9.3";
			developmentRegion = en;
			hasScannedForEncodings = 0;
			knownRegions = (
				en,
				Base,
			);
			mainGroup = 60F3C591266785B100FE78B2;
			packageReferences = (
				604443F62667C0E8001DA3AB /* XCRemoteSwiftPackageReference "Kingfisher" */,
			);
			productRefGroup = 60F3C59B266785B100FE78B2 /* Products */;
			projectDirPath = "";
			projectRoot = "";
			targets = (
				60F3C599266785B100FE78B2 /* CatsPicturesApp */,
				60F3C5B2266785B200FE78B2 /* CatsPicturesAppTests */,
				60F3C5BD266785B200FE78B2 /* CatsPicturesAppUITests */,
			);
		};
/* End PBXProject section */

/* Begin PBXResourcesBuildPhase section */
		60F3C598266785B100FE78B2 /* Resources */ = {
			isa = PBXResourcesBuildPhase;
			buildActionMask = 2147483647;
			files = (
				604443C52667BAD1001DA3AB /* HomeCollectionViewCell.xib in Resources */,
				60F3C5AD266785B200FE78B2 /* LaunchScreen.storyboard in Resources */,
				60F3C5AA266785B200FE78B2 /* Assets.xcassets in Resources */,
				604443962667A72C001DA3AB /* HomeViewController.xib in Resources */,
			);
			runOnlyForDeploymentPostprocessing = 0;
		};
		60F3C5B1266785B200FE78B2 /* Resources */ = {
			isa = PBXResourcesBuildPhase;
			buildActionMask = 2147483647;
			files = (
			);
			runOnlyForDeploymentPostprocessing = 0;
		};
		60F3C5BC266785B200FE78B2 /* Resources */ = {
			isa = PBXResourcesBuildPhase;
			buildActionMask = 2147483647;
			files = (
			);
			runOnlyForDeploymentPostprocessing = 0;
		};
/* End PBXResourcesBuildPhase section */

/* Begin PBXShellScriptBuildPhase section */
		60F3C5D32667865D00FE78B2 /* Swift Lint */ = {
			isa = PBXShellScriptBuildPhase;
			buildActionMask = 2147483647;
			files = (
			);
			inputFileListPaths = (
			);
			inputPaths = (
			);
			name = "Swift Lint";
			outputFileListPaths = (
			);
			outputPaths = (
			);
			runOnlyForDeploymentPostprocessing = 0;
			shellPath = /bin/sh;
			shellScript = "# Type a script or drag a script file from your workspace to insert its path.\nif which swiftlint >/dev/null; then\n  swiftlint\nelse\n  echo \"warning: SwiftLint not installed, download from https://github.com/realm/SwiftLint\"\nfi\n";
		};
/* End PBXShellScriptBuildPhase section */

/* Begin PBXSourcesBuildPhase section */
		60F3C596266785B100FE78B2 /* Sources */ = {
			isa = PBXSourcesBuildPhase;
			buildActionMask = 2147483647;
			files = (
				604443822667918D001DA3AB /* NetworkError.swift in Sources */,
				6044434626678D7D001DA3AB /* EndPointType.swift in Sources */,
				604443952667A72C001DA3AB /* HomeViewController.swift in Sources */,
				604443AF2667B074001DA3AB /* State.swift in Sources */,
				604443FD2667C1AF001DA3AB /* UIImage+CatApp.swift in Sources */,
				604443EF2667C061001DA3AB /* UIImage+LoadImage.swift in Sources */,
				6044433D26678D08001DA3AB /* ParameterEncoding.swift in Sources */,
				6044436C266790C8001DA3AB /* Environment.swift in Sources */,
				6044437A2667916D001DA3AB /* NetworkManager.swift in Sources */,
				60F3C59E266785B100FE78B2 /* AppDelegate.swift in Sources */,
				6044435D26678E0C001DA3AB /* Router.swift in Sources */,
				6044433826678CF0001DA3AB /* JSONParameterEncoding.swift in Sources */,
				6044434E26678D90001DA3AB /* HTTPMethod.swift in Sources */,
				60F3C5A0266785B100FE78B2 /* SceneDelegate.swift in Sources */,
				604444422667F3B7001DA3AB /* UIView+Helpers.swift in Sources */,
				604444212667E47A001DA3AB /* CatCellViewModel.swift in Sources */,
				6044436326679073001DA3AB /* URLSessionProtocol.swift in Sources */,
				6044443A2667F388001DA3AB /* NSObject+Helpers.swift in Sources */,
				604444472668082D001DA3AB /* PagingController.swift in Sources */,
				60444374266790FF001DA3AB /* CatEndPoint.swift in Sources */,
				604444042667CB24001DA3AB /* UICollectionView+Helpers.swift in Sources */,
				6044438C2667A6A8001DA3AB /* CatResponse.swift in Sources */,
				604443B52667B0F9001DA3AB /* HomeViewModel.swift in Sources */,
				604443C42667BAD1001DA3AB /* HomeCollectionViewCell.swift in Sources */,
				60F3C5A8266785B100FE78B2 /* CatsPicturesApp.xcdatamodeld in Sources */,
				6044435326678DAD001DA3AB /* HttpTask.swift in Sources */,
				6044433026678CCC001DA3AB /* URLParameterEncoding.swift in Sources */,
				6044442F2667F1D0001DA3AB /* UIViewController+Alerts.swift in Sources */,
				6044435826678DD5001DA3AB /* NetworkRouterProtocol.swift in Sources */,
			);
			runOnlyForDeploymentPostprocessing = 0;
		};
		60F3C5AF266785B200FE78B2 /* Sources */ = {
			isa = PBXSourcesBuildPhase;
			buildActionMask = 2147483647;
			files = (
				6044445F2668125E001DA3AB /* Constants.swift in Sources */,
				6044445A2668116A001DA3AB /* NetworkLayerTests.swift in Sources */,
				6044444D266810F2001DA3AB /* EndPointTypeMock.swift in Sources */,
				60F3C5B8266785B200FE78B2 /* CatsPicturesAppTests.swift in Sources */,
				6044445526681126001DA3AB /* FailureMock.swift in Sources */,
			);
			runOnlyForDeploymentPostprocessing = 0;
		};
		60F3C5BA266785B200FE78B2 /* Sources */ = {
			isa = PBXSourcesBuildPhase;
			buildActionMask = 2147483647;
			files = (
				60F3C5C3266785B200FE78B2 /* CatsPicturesAppUITests.swift in Sources */,
			);
			runOnlyForDeploymentPostprocessing = 0;
		};
/* End PBXSourcesBuildPhase section */

/* Begin PBXTargetDependency section */
		60F3C5B5266785B200FE78B2 /* PBXTargetDependency */ = {
			isa = PBXTargetDependency;
			target = 60F3C599266785B100FE78B2 /* CatsPicturesApp */;
			targetProxy = 60F3C5B4266785B200FE78B2 /* PBXContainerItemProxy */;
		};
		60F3C5C0266785B200FE78B2 /* PBXTargetDependency */ = {
			isa = PBXTargetDependency;
			target = 60F3C599266785B100FE78B2 /* CatsPicturesApp */;
			targetProxy = 60F3C5BF266785B200FE78B2 /* PBXContainerItemProxy */;
		};
/* End PBXTargetDependency section */

/* Begin PBXVariantGroup section */
		60F3C5AB266785B200FE78B2 /* LaunchScreen.storyboard */ = {
			isa = PBXVariantGroup;
			children = (
				60F3C5AC266785B200FE78B2 /* Base */,
			);
			name = LaunchScreen.storyboard;
			sourceTree = "<group>";
		};
/* End PBXVariantGroup section */

/* Begin XCBuildConfiguration section */
		60F3C5C5266785B200FE78B2 /* Debug */ = {
			isa = XCBuildConfiguration;
			buildSettings = {
				ALWAYS_SEARCH_USER_PATHS = NO;
				CLANG_ANALYZER_NONNULL = YES;
				CLANG_ANALYZER_NUMBER_OBJECT_CONVERSION = YES_AGGRESSIVE;
				CLANG_CXX_LANGUAGE_STANDARD = "gnu++14";
				CLANG_CXX_LIBRARY = "libc++";
				CLANG_ENABLE_MODULES = YES;
				CLANG_ENABLE_OBJC_ARC = YES;
				CLANG_ENABLE_OBJC_WEAK = YES;
				CLANG_WARN_BLOCK_CAPTURE_AUTORELEASING = YES;
				CLANG_WARN_BOOL_CONVERSION = YES;
				CLANG_WARN_COMMA = YES;
				CLANG_WARN_CONSTANT_CONVERSION = YES;
				CLANG_WARN_DEPRECATED_OBJC_IMPLEMENTATIONS = YES;
				CLANG_WARN_DIRECT_OBJC_ISA_USAGE = YES_ERROR;
				CLANG_WARN_DOCUMENTATION_COMMENTS = YES;
				CLANG_WARN_EMPTY_BODY = YES;
				CLANG_WARN_ENUM_CONVERSION = YES;
				CLANG_WARN_INFINITE_RECURSION = YES;
				CLANG_WARN_INT_CONVERSION = YES;
				CLANG_WARN_NON_LITERAL_NULL_CONVERSION = YES;
				CLANG_WARN_OBJC_IMPLICIT_RETAIN_SELF = YES;
				CLANG_WARN_OBJC_LITERAL_CONVERSION = YES;
				CLANG_WARN_OBJC_ROOT_CLASS = YES_ERROR;
				CLANG_WARN_QUOTED_INCLUDE_IN_FRAMEWORK_HEADER = YES;
				CLANG_WARN_RANGE_LOOP_ANALYSIS = YES;
				CLANG_WARN_STRICT_PROTOTYPES = YES;
				CLANG_WARN_SUSPICIOUS_MOVE = YES;
				CLANG_WARN_UNGUARDED_AVAILABILITY = YES_AGGRESSIVE;
				CLANG_WARN_UNREACHABLE_CODE = YES;
				CLANG_WARN__DUPLICATE_METHOD_MATCH = YES;
				COPY_PHASE_STRIP = NO;
				DEBUG_INFORMATION_FORMAT = dwarf;
				ENABLE_STRICT_OBJC_MSGSEND = YES;
				ENABLE_TESTABILITY = YES;
				GCC_C_LANGUAGE_STANDARD = gnu11;
				GCC_DYNAMIC_NO_PIC = NO;
				GCC_NO_COMMON_BLOCKS = YES;
				GCC_OPTIMIZATION_LEVEL = 0;
				GCC_PREPROCESSOR_DEFINITIONS = (
					"DEBUG=1",
					"$(inherited)",
				);
				GCC_WARN_64_TO_32_BIT_CONVERSION = YES;
				GCC_WARN_ABOUT_RETURN_TYPE = YES_ERROR;
				GCC_WARN_UNDECLARED_SELECTOR = YES;
				GCC_WARN_UNINITIALIZED_AUTOS = YES_AGGRESSIVE;
				GCC_WARN_UNUSED_FUNCTION = YES;
				GCC_WARN_UNUSED_VARIABLE = YES;
				IPHONEOS_DEPLOYMENT_TARGET = 14.3;
				MTL_ENABLE_DEBUG_INFO = INCLUDE_SOURCE;
				MTL_FAST_MATH = YES;
				ONLY_ACTIVE_ARCH = YES;
				SDKROOT = iphoneos;
				SWIFT_ACTIVE_COMPILATION_CONDITIONS = DEBUG;
				SWIFT_OPTIMIZATION_LEVEL = "-Onone";
			};
			name = Debug;
		};
		60F3C5C6266785B200FE78B2 /* Release */ = {
			isa = XCBuildConfiguration;
			buildSettings = {
				ALWAYS_SEARCH_USER_PATHS = NO;
				CLANG_ANALYZER_NONNULL = YES;
				CLANG_ANALYZER_NUMBER_OBJECT_CONVERSION = YES_AGGRESSIVE;
				CLANG_CXX_LANGUAGE_STANDARD = "gnu++14";
				CLANG_CXX_LIBRARY = "libc++";
				CLANG_ENABLE_MODULES = YES;
				CLANG_ENABLE_OBJC_ARC = YES;
				CLANG_ENABLE_OBJC_WEAK = YES;
				CLANG_WARN_BLOCK_CAPTURE_AUTORELEASING = YES;
				CLANG_WARN_BOOL_CONVERSION = YES;
				CLANG_WARN_COMMA = YES;
				CLANG_WARN_CONSTANT_CONVERSION = YES;
				CLANG_WARN_DEPRECATED_OBJC_IMPLEMENTATIONS = YES;
				CLANG_WARN_DIRECT_OBJC_ISA_USAGE = YES_ERROR;
				CLANG_WARN_DOCUMENTATION_COMMENTS = YES;
				CLANG_WARN_EMPTY_BODY = YES;
				CLANG_WARN_ENUM_CONVERSION = YES;
				CLANG_WARN_INFINITE_RECURSION = YES;
				CLANG_WARN_INT_CONVERSION = YES;
				CLANG_WARN_NON_LITERAL_NULL_CONVERSION = YES;
				CLANG_WARN_OBJC_IMPLICIT_RETAIN_SELF = YES;
				CLANG_WARN_OBJC_LITERAL_CONVERSION = YES;
				CLANG_WARN_OBJC_ROOT_CLASS = YES_ERROR;
				CLANG_WARN_QUOTED_INCLUDE_IN_FRAMEWORK_HEADER = YES;
				CLANG_WARN_RANGE_LOOP_ANALYSIS = YES;
				CLANG_WARN_STRICT_PROTOTYPES = YES;
				CLANG_WARN_SUSPICIOUS_MOVE = YES;
				CLANG_WARN_UNGUARDED_AVAILABILITY = YES_AGGRESSIVE;
				CLANG_WARN_UNREACHABLE_CODE = YES;
				CLANG_WARN__DUPLICATE_METHOD_MATCH = YES;
				COPY_PHASE_STRIP = NO;
				DEBUG_INFORMATION_FORMAT = "dwarf-with-dsym";
				ENABLE_NS_ASSERTIONS = NO;
				ENABLE_STRICT_OBJC_MSGSEND = YES;
				GCC_C_LANGUAGE_STANDARD = gnu11;
				GCC_NO_COMMON_BLOCKS = YES;
				GCC_WARN_64_TO_32_BIT_CONVERSION = YES;
				GCC_WARN_ABOUT_RETURN_TYPE = YES_ERROR;
				GCC_WARN_UNDECLARED_SELECTOR = YES;
				GCC_WARN_UNINITIALIZED_AUTOS = YES_AGGRESSIVE;
				GCC_WARN_UNUSED_FUNCTION = YES;
				GCC_WARN_UNUSED_VARIABLE = YES;
				IPHONEOS_DEPLOYMENT_TARGET = 14.3;
				MTL_ENABLE_DEBUG_INFO = NO;
				MTL_FAST_MATH = YES;
				SDKROOT = iphoneos;
				SWIFT_COMPILATION_MODE = wholemodule;
				SWIFT_OPTIMIZATION_LEVEL = "-O";
				VALIDATE_PRODUCT = YES;
			};
			name = Release;
		};
		60F3C5C8266785B200FE78B2 /* Debug */ = {
			isa = XCBuildConfiguration;
			buildSettings = {
				ASSETCATALOG_COMPILER_APPICON_NAME = AppIcon;
				ASSETCATALOG_COMPILER_GLOBAL_ACCENT_COLOR_NAME = AccentColor;
				CODE_SIGN_STYLE = Automatic;
				DEVELOPMENT_TEAM = 2C86JD592M;
				INFOPLIST_FILE = "$(SRCROOT)/CatsPicturesApp/Resources/Info.plist";
				LD_RUNPATH_SEARCH_PATHS = (
					"$(inherited)",
					"@executable_path/Frameworks",
				);
				PRODUCT_BUNDLE_IDENTIFIER = com.ahmed.CatsPicturesApp;
				PRODUCT_NAME = "$(TARGET_NAME)";
				SWIFT_VERSION = 5.0;
				TARGETED_DEVICE_FAMILY = "1,2";
			};
			name = Debug;
		};
		60F3C5C9266785B200FE78B2 /* Release */ = {
			isa = XCBuildConfiguration;
			buildSettings = {
				ASSETCATALOG_COMPILER_APPICON_NAME = AppIcon;
				ASSETCATALOG_COMPILER_GLOBAL_ACCENT_COLOR_NAME = AccentColor;
				CODE_SIGN_STYLE = Automatic;
				DEVELOPMENT_TEAM = 2C86JD592M;
				INFOPLIST_FILE = "$(SRCROOT)/CatsPicturesApp/Resources/Info.plist";
				LD_RUNPATH_SEARCH_PATHS = (
					"$(inherited)",
					"@executable_path/Frameworks",
				);
				PRODUCT_BUNDLE_IDENTIFIER = com.ahmed.CatsPicturesApp;
				PRODUCT_NAME = "$(TARGET_NAME)";
				SWIFT_VERSION = 5.0;
				TARGETED_DEVICE_FAMILY = "1,2";
			};
			name = Release;
		};
		60F3C5CB266785B200FE78B2 /* Debug */ = {
			isa = XCBuildConfiguration;
			buildSettings = {
				ALWAYS_EMBED_SWIFT_STANDARD_LIBRARIES = YES;
				BUNDLE_LOADER = "$(TEST_HOST)";
				CODE_SIGN_STYLE = Automatic;
				DEVELOPMENT_TEAM = 2C86JD592M;
				INFOPLIST_FILE = CatsPicturesAppTests/Info.plist;
				IPHONEOS_DEPLOYMENT_TARGET = 14.3;
				LD_RUNPATH_SEARCH_PATHS = (
					"$(inherited)",
					"@executable_path/Frameworks",
					"@loader_path/Frameworks",
				);
				PRODUCT_BUNDLE_IDENTIFIER = com.ahmed.CatsPicturesAppTests;
				PRODUCT_NAME = "$(TARGET_NAME)";
				SWIFT_VERSION = 5.0;
				TARGETED_DEVICE_FAMILY = "1,2";
				TEST_HOST = "$(BUILT_PRODUCTS_DIR)/CatsPicturesApp.app/CatsPicturesApp";
			};
			name = Debug;
		};
		60F3C5CC266785B200FE78B2 /* Release */ = {
			isa = XCBuildConfiguration;
			buildSettings = {
				ALWAYS_EMBED_SWIFT_STANDARD_LIBRARIES = YES;
				BUNDLE_LOADER = "$(TEST_HOST)";
				CODE_SIGN_STYLE = Automatic;
				DEVELOPMENT_TEAM = 2C86JD592M;
				INFOPLIST_FILE = CatsPicturesAppTests/Info.plist;
				IPHONEOS_DEPLOYMENT_TARGET = 14.3;
				LD_RUNPATH_SEARCH_PATHS = (
					"$(inherited)",
					"@executable_path/Frameworks",
					"@loader_path/Frameworks",
				);
				PRODUCT_BUNDLE_IDENTIFIER = com.ahmed.CatsPicturesAppTests;
				PRODUCT_NAME = "$(TARGET_NAME)";
				SWIFT_VERSION = 5.0;
				TARGETED_DEVICE_FAMILY = "1,2";
				TEST_HOST = "$(BUILT_PRODUCTS_DIR)/CatsPicturesApp.app/CatsPicturesApp";
			};
			name = Release;
		};
		60F3C5CE266785B200FE78B2 /* Debug */ = {
			isa = XCBuildConfiguration;
			buildSettings = {
				ALWAYS_EMBED_SWIFT_STANDARD_LIBRARIES = YES;
				CODE_SIGN_STYLE = Automatic;
				DEVELOPMENT_TEAM = 2C86JD592M;
				INFOPLIST_FILE = CatsPicturesAppUITests/Info.plist;
				LD_RUNPATH_SEARCH_PATHS = (
					"$(inherited)",
					"@executable_path/Frameworks",
					"@loader_path/Frameworks",
				);
				PRODUCT_BUNDLE_IDENTIFIER = com.ahmed.CatsPicturesAppUITests;
				PRODUCT_NAME = "$(TARGET_NAME)";
				SWIFT_VERSION = 5.0;
				TARGETED_DEVICE_FAMILY = "1,2";
				TEST_TARGET_NAME = CatsPicturesApp;
			};
			name = Debug;
		};
		60F3C5CF266785B200FE78B2 /* Release */ = {
			isa = XCBuildConfiguration;
			buildSettings = {
				ALWAYS_EMBED_SWIFT_STANDARD_LIBRARIES = YES;
				CODE_SIGN_STYLE = Automatic;
				DEVELOPMENT_TEAM = 2C86JD592M;
				INFOPLIST_FILE = CatsPicturesAppUITests/Info.plist;
				LD_RUNPATH_SEARCH_PATHS = (
					"$(inherited)",
					"@executable_path/Frameworks",
					"@loader_path/Frameworks",
				);
				PRODUCT_BUNDLE_IDENTIFIER = com.ahmed.CatsPicturesAppUITests;
				PRODUCT_NAME = "$(TARGET_NAME)";
				SWIFT_VERSION = 5.0;
				TARGETED_DEVICE_FAMILY = "1,2";
				TEST_TARGET_NAME = CatsPicturesApp;
			};
			name = Release;
		};
/* End XCBuildConfiguration section */

/* Begin XCConfigurationList section */
		60F3C595266785B100FE78B2 /* Build configuration list for PBXProject "CatsPicturesApp" */ = {
			isa = XCConfigurationList;
			buildConfigurations = (
				60F3C5C5266785B200FE78B2 /* Debug */,
				60F3C5C6266785B200FE78B2 /* Release */,
			);
			defaultConfigurationIsVisible = 0;
			defaultConfigurationName = Release;
		};
		60F3C5C7266785B200FE78B2 /* Build configuration list for PBXNativeTarget "CatsPicturesApp" */ = {
			isa = XCConfigurationList;
			buildConfigurations = (
				60F3C5C8266785B200FE78B2 /* Debug */,
				60F3C5C9266785B200FE78B2 /* Release */,
			);
			defaultConfigurationIsVisible = 0;
			defaultConfigurationName = Release;
		};
		60F3C5CA266785B200FE78B2 /* Build configuration list for PBXNativeTarget "CatsPicturesAppTests" */ = {
			isa = XCConfigurationList;
			buildConfigurations = (
				60F3C5CB266785B200FE78B2 /* Debug */,
				60F3C5CC266785B200FE78B2 /* Release */,
			);
			defaultConfigurationIsVisible = 0;
			defaultConfigurationName = Release;
		};
		60F3C5CD266785B200FE78B2 /* Build configuration list for PBXNativeTarget "CatsPicturesAppUITests" */ = {
			isa = XCConfigurationList;
			buildConfigurations = (
				60F3C5CE266785B200FE78B2 /* Debug */,
				60F3C5CF266785B200FE78B2 /* Release */,
			);
			defaultConfigurationIsVisible = 0;
			defaultConfigurationName = Release;
		};
/* End XCConfigurationList section */

/* Begin XCRemoteSwiftPackageReference section */
		604443F62667C0E8001DA3AB /* XCRemoteSwiftPackageReference "Kingfisher" */ = {
			isa = XCRemoteSwiftPackageReference;
			repositoryURL = "https://github.com/onevcat/Kingfisher.git";
			requirement = {
				kind = exactVersion;
				version = 6.3.0;
			};
		};
/* End XCRemoteSwiftPackageReference section */

/* Begin XCSwiftPackageProductDependency section */
		604443F72667C0E8001DA3AB /* Kingfisher */ = {
			isa = XCSwiftPackageProductDependency;
			package = 604443F62667C0E8001DA3AB /* XCRemoteSwiftPackageReference "Kingfisher" */;
			productName = Kingfisher;
		};
/* End XCSwiftPackageProductDependency section */

/* Begin XCVersionGroup section */
		60F3C5A6266785B100FE78B2 /* CatsPicturesApp.xcdatamodeld */ = {
			isa = XCVersionGroup;
			children = (
				60F3C5A7266785B100FE78B2 /* CatsPicturesApp.xcdatamodel */,
			);
			currentVersion = 60F3C5A7266785B100FE78B2 /* CatsPicturesApp.xcdatamodel */;
			path = CatsPicturesApp.xcdatamodeld;
			sourceTree = "<group>";
			versionGroupType = wrapper.xcdatamodel;
		};
/* End XCVersionGroup section */
	};
	rootObject = 60F3C592266785B100FE78B2 /* Project object */;
}
